# This file is autogenerated, do not edit; changes may be undone by the next 'dep ensure'.


[[projects]]
  digest = "1:72fff13e105db55c6d4b1acb69216b88d9d3009433f43d7df3488f842b0b6929"
  name = "github.com/RoaringBitmap/roaring"
  packages = ["."]
  pruneopts = "UT"
  revision = "3d677d3262197ee558b85029301eb69b8239f91a"
  version = "v0.4.16"

[[projects]]
  digest = "1:652880afc6b57ce0a67173f552cb35ccda816493a1da6ca20e5074a66bcd083f"
  name = "github.com/buaazp/fasthttprouter"
  packages = ["."]
  pruneopts = "UT"
  revision = "ade4e2031af3aed7fffd241084aad80a58faf421"
  version = "v0.1.1"

[[projects]]
  branch = "master"
  digest = "1:69e7139f6d546cc6ffc9ca98e7f4cfe95be479f4044eb30bb92017b5b87c9d40"
  name = "github.com/buger/jsonparser"
  packages = ["."]
  pruneopts = "UT"
  revision = "bf1c66bbce23153d89b23f8960071a680dbef54b"

[[projects]]
  digest = "1:ffe9824d294da03b391f44e1ae8281281b4afc1bdaa9588c9097785e3af10cec"
  name = "github.com/davecgh/go-spew"
  packages = ["spew"]
  pruneopts = "UT"
  revision = "8991bc29aa16c548c550c7ff78260e27b9ab7c73"
  version = "v1.1.1"

[[projects]]
  branch = "master"
  digest = "1:afb42082d90c1278e278cc7bd426e25f800a9ada73b66e905deee4ba4f25fe1d"
  name = "github.com/dghubble/trie"
  packages = ["."]
  pruneopts = "UT"
  revision = "18baf4ed44b82f7e234d50524fb053ab14d49b41"

[[projects]]
  digest = "1:060e2ff7ee3e51b4a0fadf46308033bfe3b8030af6a8078ec26916e2e9b2fdc3"
  name = "github.com/fatih/structtag"
  packages = ["."]
  pruneopts = "UT"
  revision = "76ae1d6d2117609598c7d4e8f3e938145f204e8f"
  version = "v1.0.0"

[[projects]]
  branch = "master"
  digest = "1:dc925a7d0f70e394be6a79f060b06dfdecfabdc88cfd1cfa1c9d9462c6edca1f"
  name = "github.com/glycerine/go-unsnap-stream"
  packages = ["."]
  pruneopts = "UT"
  revision = "f9677308dec2b35e76737f9713df328ad11b1fea"

[[projects]]
  branch = "master"
  digest = "1:4a0c6bb4805508a6287675fac876be2ac1182539ca8a32468d8128882e9d5009"
  name = "github.com/golang/snappy"
  packages = ["."]
  pruneopts = "UT"
  revision = "2e65f85255dbc3072edf28d6b5b8efc472979f5a"

[[projects]]
  digest = "1:a63cff6b5d8b95638bfe300385d93b2a6d9d687734b863da8e09dc834510a690"
  name = "github.com/google/go-querystring"
  packages = ["query"]
  pruneopts = "UT"
  revision = "44c6ddd0a2342c386950e880b658017258da92fc"
  version = "v1.0.0"

[[projects]]
  digest = "1:c79fb010be38a59d657c48c6ba1d003a8aa651fa56b579d959d74573b7dff8e1"
  name = "github.com/gorilla/context"
  packages = ["."]
  pruneopts = "UT"
  revision = "08b5f424b9271eedf6f9f0ce86cb9396ed337a42"
  version = "v1.1.1"

[[projects]]
  digest = "1:e73f5b0152105f18bc131fba127d9949305c8693f8a762588a82a48f61756f5f"
  name = "github.com/gorilla/mux"
  packages = ["."]
  pruneopts = "UT"
  revision = "e3702bed27f0d39777b0b37b664b6280e8ef8fbf"
  version = "v1.6.2"

[[projects]]
  digest = "1:3e551bbb3a7c0ab2a2bf4660e7fcad16db089fdcfbb44b0199e62838038623ea"
  name = "github.com/json-iterator/go"
  packages = ["."]
  pruneopts = "UT"
  revision = "1624edc4454b8682399def8740d46db5e4362ba4"
  version = "v1.1.5"

[[projects]]
  digest = "1:aaa8e0e7e35d92e21daed3f241832cee73d15ca1cd3302ba3843159a959a7eac"
  name = "github.com/klauspost/compress"
  packages = [
    "flate",
    "gzip",
    "zlib",
  ]
  pruneopts = "UT"
  revision = "30be6041bed523c18e269a700ebd9c2ea9328574"
  version = "v1.4.1"

[[projects]]
  digest = "1:2d643962fac133904694fffa959bc3c5dcfdcee38c6f5ffdd99a3c93eb9c835c"
  name = "github.com/klauspost/cpuid"
  packages = ["."]
  pruneopts = "UT"
  revision = "e7e905edc00ea8827e58662220139109efea09db"
  version = "v1.2.0"

[[projects]]
  digest = "1:c34de7e8f144a065dbcd5a5dab3dfc865d406545da86cd5a654fa720abfa8126"
  name = "github.com/levigross/grequests"
  packages = ["."]
  pruneopts = "UT"
  revision = "d0df86deffcb5d344ab23de5a958d41e44659568"
  version = "0.10"

[[projects]]
  branch = "master"
  digest = "1:aa3d8d42865c42626b5c1add193692d045b3188b1479f0a0a88690d21fe20083"
  name = "github.com/mailru/easyjson"
  packages = [
    ".",
    "buffer",
    "jlexer",
    "jwriter",
  ]
  pruneopts = "UT"
  revision = "60711f1a8329503b04e1c88535f419d0bb440bff"

[[projects]]
  digest = "1:33422d238f147d247752996a26574ac48dcf472976eda7f5134015f06bf16563"
  name = "github.com/modern-go/concurrent"
  packages = ["."]
  pruneopts = "UT"
  revision = "bacd9c7ef1dd9b15be4a9909b8ac7a4e313eec94"
  version = "1.0.3"

[[projects]]
  digest = "1:e32bdbdb7c377a07a9a46378290059822efdce5c8d96fe71940d87cb4f918855"
  name = "github.com/modern-go/reflect2"
  packages = ["."]
  pruneopts = "UT"
  revision = "4b7aa43c6742a2c18fdef89dd197aaae7dac7ccd"
  version = "1.0.1"

[[projects]]
  branch = "master"
  digest = "1:c22fdadfe2de0e1df75987cac34f1c721157dc24f180c76b4ef66a3c9637a799"
  name = "github.com/mschoch/smat"
  packages = ["."]
  pruneopts = "UT"
  revision = "90eadee771aeab36e8bf796039b8c261bebebe4f"

[[projects]]
  digest = "1:5e73b34a27d827212102605789de00bd411b2e434812133c83935fe9897c75e1"
  name = "github.com/philhofer/fwd"
  packages = ["."]
  pruneopts = "UT"
  revision = "bb6d471dc95d4fe11e432687f8b70ff496cf3136"
  version = "v1.0.0"

[[projects]]
  digest = "1:28f5ca4f1591d95069480ed427d95be55e747f0cb5e74957c3507d1afb26ae69"
  name = "github.com/pilosa/pilosa"
  packages = [
    "logger",
    "roaring",
    "stats",
  ]
  pruneopts = "UT"
  revision = "03983255ba75c0b9683e3a7969ab4ec2a68daef7"
  version = "v1.2.0"

[[projects]]
  digest = "1:cf31692c14422fa27c83a05292eb5cbe0fb2775972e8f1f8446a71549bd8980b"
  name = "github.com/pkg/errors"
  packages = ["."]
  pruneopts = "UT"
  revision = "ba968bfe8b2f7e042a574c888954fccecfa385b4"
  version = "v0.8.1"

[[projects]]
  digest = "1:0028cb19b2e4c3112225cd871870f2d9cf49b9b4276531f03438a88e94be86fe"
  name = "github.com/pmezard/go-difflib"
  packages = ["difflib"]
  pruneopts = "UT"
  revision = "792786c7400a136282c1664665ae0a8db921c6c2"
  version = "v1.0.0"

[[projects]]
  branch = "master"
  digest = "1:850a7b327a6de8d97b5bb38b8eb64a552d4fc7ec7d209ccec5efc920a9c98b7b"
  name = "github.com/ravlio/hlcuptester"
  packages = ["."]
  pruneopts = "UT"
  revision = "972b4f5cf53716b283a7d161bf462efd3955c73d"

[[projects]]
  digest = "1:a073c2dd83aa92060bd5b551e3a19a40f8e24d4aaa7e7da767ee9c69f07b533a"
  name = "github.com/rs/zerolog"
  packages = [
    ".",
    "internal/cbor",
    "internal/json",
    "log",
  ]
  pruneopts = "UT"
  revision = "8747b7b3a51b5d08ee7ac50eaf4869edaf9f714a"
  version = "v1.11.0"

[[projects]]
  digest = "1:274f67cb6fed9588ea2521ecdac05a6d62a8c51c074c1fccc6a49a40ba80e925"
  name = "github.com/satori/go.uuid"
  packages = ["."]
  pruneopts = "UT"
  revision = "f58768cc1a7a7e77a3bd49e98cdd21419399b6a3"
  version = "v1.2.0"

[[projects]]
  branch = "master"
  digest = "1:f82999ade465aac80c1415cc18de8868e2f97d24fbf69bbd5760a6c43035e6c1"
  name = "github.com/sean-public/fast-skiplist"
  packages = ["."]
  pruneopts = "UT"
  revision = "1de4bd306c3f816ec0c2702c89d3e2f279f67422"

[[projects]]
  digest = "1:5da8ce674952566deae4dbc23d07c85caafc6cfa815b0b3e03e41979cedb8750"
  name = "github.com/stretchr/testify"
  packages = [
    "assert",
    "require",
  ]
  pruneopts = "UT"
  revision = "ffdc059bfe9ce6a4e144ba849dbedead332c6053"
  version = "v1.3.0"

[[projects]]
  digest = "1:fb774e3bb85aaa1eba3f2b9fc232bb2b045adc977d33d24cf553e51aac955bfa"
  name = "github.com/tchap/go-patricia"
  packages = ["patricia"]
  pruneopts = "UT"
  revision = "a7f0089c6f496e8e70402f61733606daa326cac5"
  version = "v2.3.0"

[[projects]]
  digest = "1:c97e8a5e5c435c3287f581cdb4441ba34577ec6ead8422bfedafa6269af7abf6"
  name = "github.com/tinylib/msgp"
  packages = ["msgp"]
  pruneopts = "UT"
  revision = "af6442a0fcf6e2a1b824f70dd0c734f01e817751"
  version = "v1.1.0"

[[projects]]
  digest = "1:c468422f334a6b46a19448ad59aaffdfc0a36b08fdcc1c749a0b29b6453d7e59"
  name = "github.com/valyala/bytebufferpool"
  packages = ["."]
  pruneopts = "UT"
  revision = "e746df99fe4a3986f4d4f79e13c1e0117ce9c2f7"
  version = "v1.0.0"

[[projects]]
  digest = "1:15ad8a80098fcc7a194b9db6b26d74072a852e4faa957848c8118193d3c69230"
  name = "github.com/valyala/fasthttp"
  packages = [
    ".",
    "fasthttputil",
    "stackless",
  ]
  pruneopts = "UT"
  revision = "e5f51c11919d4f66400334047b897ef0a94c6f3c"
  version = "v20180529"

[[projects]]
  digest = "1:35a609636092b0ddbf6d5a2d250c67a0476202ca8ebb0bb4d338b3744a522870"
  name = "github.com/valyala/fastjson"
  packages = [
    ".",
    "fastfloat",
  ]
  pruneopts = "UT"
  revision = "ecda198f5d2b8600b6af67635a6b2bf6708e5a71"
  version = "v1.4.0"

[[projects]]
  digest = "1:211f9cf21d532e2da93a420426d714af492743f4c602389cb0cd14ec8eebe256"
  name = "github.com/willf/bitset"
  packages = ["."]
  pruneopts = "UT"
  revision = "e553b05586428962bf7058d1044519d87ca72d74"
  version = "v1.1.9"

[[projects]]
  branch = "master"
  digest = "1:c341f9adba124bed26a2e34d8e816865507df0d4b3af4a4012aa2a284db665e2"
  name = "golang.org/x/net"
  packages = [
    "idna",
    "publicsuffix",
    "websocket",
  ]
  pruneopts = "UT"
  revision = "ed066c81e75eba56dd9bd2139ade88125b855585"

[[projects]]
  digest = "1:a2ab62866c75542dd18d2b069fec854577a20211d7c0ea6ae746072a1dccdd18"
  name = "golang.org/x/text"
  packages = [
    "collate",
    "collate/build",
    "internal/colltab",
    "internal/gen",
    "internal/tag",
    "internal/triegen",
    "internal/ucd",
    "language",
    "secure/bidirule",
    "transform",
    "unicode/bidi",
    "unicode/cldr",
    "unicode/norm",
    "unicode/rangetable",
  ]
  pruneopts = "UT"
  revision = "f21a4dfb5e38f5895301dc265a8def02365cc3d0"
  version = "v0.3.0"

[solve-meta]
  analyzer-name = "dep"
  analyzer-version = 1
  input-imports = [
    "github.com/RoaringBitmap/roaring",
    "github.com/buaazp/fasthttprouter",
    "github.com/buger/jsonparser",
    "github.com/dghubble/trie",
    "github.com/fatih/structtag",
    "github.com/gorilla/mux",
    "github.com/json-iterator/go",
    "github.com/levigross/grequests",
    "github.com/mailru/easyjson",
    "github.com/mailru/easyjson/jlexer",
    "github.com/mailru/easyjson/jwriter",
    "github.com/pilosa/pilosa/roaring",
    "github.com/pkg/errors",
    "github.com/ravlio/hlcuptester",
    "github.com/rs/zerolog/log",
    "github.com/satori/go.uuid",
    "github.com/sean-public/fast-skiplist",
    "github.com/stretchr/testify/assert",
    "github.com/stretchr/testify/require",
    "github.com/tchap/go-patricia/patricia",
    "github.com/valyala/fasthttp",
    "github.com/valyala/fastjson",
    "golang.org/x/net/websocket",
  ]
  solver-name = "gps-cdcl"
  solver-version = 1
